
Microsoft Visual Studio Solution File, Format Version 11.00
# Visual Studio 2010
Project("{FAE04EC0-301F-11D3-BF4B-00C04F79EFBC}") = "PushwooshSample", "PushwooshSample\PushwooshSample.csproj", "{F3281EFD-113E-47E9-B06C-352B545A7780}"
EndProject
Project("{FAE04EC0-301F-11D3-BF4B-00C04F79EFBC}") = "PushwooshSDK.Droid", "PushwooshSDK\PushwooshSDK.Droid.csproj", "{0549FEEA-F489-40C9-8288-863FE9FA6EE7}"
EndProject
Global
	GlobalSection(SolutionConfigurationPlatforms) = preSolution
		Debug|Any CPU = Debug|Any CPU
		Release|Any CPU = Release|Any CPU
	EndGlobalSection
	GlobalSection(ProjectConfigurationPlatforms) = postSolution
		{0549FEEA-F489-40C9-8288-863FE9FA6EE7}.Debug|Any CPU.ActiveCfg = Debug|Any CPU
		{0549FEEA-F489-40C9-8288-863FE9FA6EE7}.Debug|Any CPU.Build.0 = Debug|Any CPU
		{0549FEEA-F489-40C9-8288-863FE9FA6EE7}.Release|Any CPU.ActiveCfg = Release|Any CPU
		{0549FEEA-F489-40C9-8288-863FE9FA6EE7}.Release|Any CPU.Build.0 = Release|Any CPU
		{F3281EFD-113E-47E9-B06C-352B545A7780}.Debug|Any CPU.ActiveCfg = Debug|Any CPU
		{F3281EFD-113E-47E9-B06C-352B545A7780}.Debug|Any CPU.Build.0 = Debug|Any CPU
		{F3281EFD-113E-47E9-B06C-352B545A7780}.Release|Any CPU.ActiveCfg = Release|Any CPU
		{F3281EFD-113E-47E9-B06C-352B545A7780}.Release|Any CPU.Build.0 = Release|Any CPU
	EndGlobalSection
	GlobalSection(MonoDevelopProperties) = preSolution
		StartupItem = PushwooshSample\PushwooshSample.csproj
	EndGlobalSection
EndGlobal
