
Microsoft Visual Studio Solution File, Format Version 12.00
# Visual Studio 2012
Project("{FAE04EC0-301F-11D3-BF4B-00C04F79EFBC}") = "PushwooshSample", "PushwooshSample\PushwooshSample.csproj", "{0A858D00-D5BA-4671-BDB1-404A803112E4}"
EndProject
Project("{FAE04EC0-301F-11D3-BF4B-00C04F79EFBC}") = "PushwooshSDK.iOS", "Pushwoosh\PushwooshSDK.iOS.csproj", "{44A022F7-B823-4378-B609-5DEE80AD38B3}"
EndProject
Global
	GlobalSection(SolutionConfigurationPlatforms) = preSolution
		Debug|iPhoneSimulator = Debug|iPhoneSimulator
		Release|iPhoneSimulator = Release|iPhoneSimulator
		Debug|iPhone = Debug|iPhone
		Release|iPhone = Release|iPhone
		Ad-Hoc|iPhone = Ad-Hoc|iPhone
		AppStore|iPhone = AppStore|iPhone
	EndGlobalSection
	GlobalSection(ProjectConfigurationPlatforms) = postSolution
		{0A858D00-D5BA-4671-BDB1-404A803112E4}.Ad-Hoc|iPhone.ActiveCfg = Ad-Hoc|iPhone
		{0A858D00-D5BA-4671-BDB1-404A803112E4}.Ad-Hoc|iPhone.Build.0 = Ad-Hoc|iPhone
		{0A858D00-D5BA-4671-BDB1-404A803112E4}.AppStore|iPhone.ActiveCfg = AppStore|iPhone
		{0A858D00-D5BA-4671-BDB1-404A803112E4}.AppStore|iPhone.Build.0 = AppStore|iPhone
		{0A858D00-D5BA-4671-BDB1-404A803112E4}.Debug|iPhone.ActiveCfg = Debug|iPhone
		{0A858D00-D5BA-4671-BDB1-404A803112E4}.Debug|iPhone.Build.0 = Debug|iPhone
		{0A858D00-D5BA-4671-BDB1-404A803112E4}.Debug|iPhoneSimulator.ActiveCfg = Debug|iPhoneSimulator
		{0A858D00-D5BA-4671-BDB1-404A803112E4}.Debug|iPhoneSimulator.Build.0 = Debug|iPhoneSimulator
		{0A858D00-D5BA-4671-BDB1-404A803112E4}.Release|iPhone.ActiveCfg = Release|iPhone
		{0A858D00-D5BA-4671-BDB1-404A803112E4}.Release|iPhone.Build.0 = Release|iPhone
		{0A858D00-D5BA-4671-BDB1-404A803112E4}.Release|iPhoneSimulator.ActiveCfg = Release|iPhoneSimulator
		{0A858D00-D5BA-4671-BDB1-404A803112E4}.Release|iPhoneSimulator.Build.0 = Release|iPhoneSimulator
		{44A022F7-B823-4378-B609-5DEE80AD38B3}.Ad-Hoc|iPhone.ActiveCfg = Release|Any CPU
		{44A022F7-B823-4378-B609-5DEE80AD38B3}.Ad-Hoc|iPhone.Build.0 = Release|Any CPU
		{44A022F7-B823-4378-B609-5DEE80AD38B3}.AppStore|iPhone.ActiveCfg = Release|Any CPU
		{44A022F7-B823-4378-B609-5DEE80AD38B3}.AppStore|iPhone.Build.0 = Release|Any CPU
		{44A022F7-B823-4378-B609-5DEE80AD38B3}.Debug|iPhone.ActiveCfg = Debug|Any CPU
		{44A022F7-B823-4378-B609-5DEE80AD38B3}.Debug|iPhone.Build.0 = Debug|Any CPU
		{44A022F7-B823-4378-B609-5DEE80AD38B3}.Debug|iPhoneSimulator.ActiveCfg = Debug|Any CPU
		{44A022F7-B823-4378-B609-5DEE80AD38B3}.Debug|iPhoneSimulator.Build.0 = Debug|Any CPU
		{44A022F7-B823-4378-B609-5DEE80AD38B3}.Release|iPhone.ActiveCfg = Release|Any CPU
		{44A022F7-B823-4378-B609-5DEE80AD38B3}.Release|iPhone.Build.0 = Release|Any CPU
		{44A022F7-B823-4378-B609-5DEE80AD38B3}.Release|iPhoneSimulator.ActiveCfg = Release|Any CPU
		{44A022F7-B823-4378-B609-5DEE80AD38B3}.Release|iPhoneSimulator.Build.0 = Release|Any CPU
	EndGlobalSection
	GlobalSection(MonoDevelopProperties) = preSolution
		StartupItem = PushwooshSample\PushwooshSample.csproj
	EndGlobalSection
EndGlobal
