
Microsoft Visual Studio Solution File, Format Version 12.00
# Visual Studio 2012
Project("{FAE04EC0-301F-11D3-BF4B-00C04F79EFBC}") = "PushwooshSample", "PushwooshSample\PushwooshSample.csproj", "{15F4FF7A-CCCB-4D9E-9178-765E51FD74A3}"
EndProject
Project("{FAE04EC0-301F-11D3-BF4B-00C04F79EFBC}") = "PushwooshSample.iOS", "iOS\PushwooshSample.iOS.csproj", "{360AD7B5-DDF8-4F36-8ACC-04006D593EE4}"
EndProject
Project("{FAE04EC0-301F-11D3-BF4B-00C04F79EFBC}") = "PushwooshSample.Droid", "Droid\PushwooshSample.Droid.csproj", "{C83F9BED-DD26-44AE-BC33-2241263DDDB1}"
EndProject
Project("{FAE04EC0-301F-11D3-BF4B-00C04F79EFBC}") = "Pushwoosh.Droid.Bindings", "..\..\Bindings\Android\Pushwoosh.Droid.Bindings.csproj", "{5EB8DF8E-6D09-4A91-8CF8-B17B1346A873}"
EndProject
Project("{FAE04EC0-301F-11D3-BF4B-00C04F79EFBC}") = "Pushwoosh.iOS.Bindings", "..\..\Bindings\iOS\Pushwoosh.iOS.Bindings.csproj", "{AABBF567-B2BF-4553-A574-117CD11E00E3}"
EndProject
Global
	GlobalSection(SolutionConfigurationPlatforms) = preSolution
		Debug|Any CPU = Debug|Any CPU
		Release|Any CPU = Release|Any CPU
		Debug|iPhoneSimulator = Debug|iPhoneSimulator
		Release|iPhone = Release|iPhone
		Release|iPhoneSimulator = Release|iPhoneSimulator
		Debug|iPhone = Debug|iPhone
	EndGlobalSection
	GlobalSection(ProjectConfigurationPlatforms) = postSolution
		{15F4FF7A-CCCB-4D9E-9178-765E51FD74A3}.Debug|Any CPU.ActiveCfg = Debug|Any CPU
		{15F4FF7A-CCCB-4D9E-9178-765E51FD74A3}.Debug|Any CPU.Build.0 = Debug|Any CPU
		{15F4FF7A-CCCB-4D9E-9178-765E51FD74A3}.Debug|iPhone.ActiveCfg = Debug|Any CPU
		{15F4FF7A-CCCB-4D9E-9178-765E51FD74A3}.Debug|iPhone.Build.0 = Debug|Any CPU
		{15F4FF7A-CCCB-4D9E-9178-765E51FD74A3}.Debug|iPhoneSimulator.ActiveCfg = Debug|Any CPU
		{15F4FF7A-CCCB-4D9E-9178-765E51FD74A3}.Debug|iPhoneSimulator.Build.0 = Debug|Any CPU
		{15F4FF7A-CCCB-4D9E-9178-765E51FD74A3}.Release|Any CPU.ActiveCfg = Release|Any CPU
		{15F4FF7A-CCCB-4D9E-9178-765E51FD74A3}.Release|Any CPU.Build.0 = Release|Any CPU
		{15F4FF7A-CCCB-4D9E-9178-765E51FD74A3}.Release|iPhone.ActiveCfg = Release|Any CPU
		{15F4FF7A-CCCB-4D9E-9178-765E51FD74A3}.Release|iPhone.Build.0 = Release|Any CPU
		{15F4FF7A-CCCB-4D9E-9178-765E51FD74A3}.Release|iPhoneSimulator.ActiveCfg = Release|Any CPU
		{15F4FF7A-CCCB-4D9E-9178-765E51FD74A3}.Release|iPhoneSimulator.Build.0 = Release|Any CPU
		{360AD7B5-DDF8-4F36-8ACC-04006D593EE4}.Debug|Any CPU.ActiveCfg = Debug|iPhoneSimulator
		{360AD7B5-DDF8-4F36-8ACC-04006D593EE4}.Debug|Any CPU.Build.0 = Debug|iPhoneSimulator
		{360AD7B5-DDF8-4F36-8ACC-04006D593EE4}.Debug|iPhone.ActiveCfg = Debug|iPhone
		{360AD7B5-DDF8-4F36-8ACC-04006D593EE4}.Debug|iPhone.Build.0 = Debug|iPhone
		{360AD7B5-DDF8-4F36-8ACC-04006D593EE4}.Debug|iPhoneSimulator.ActiveCfg = Debug|iPhoneSimulator
		{360AD7B5-DDF8-4F36-8ACC-04006D593EE4}.Debug|iPhoneSimulator.Build.0 = Debug|iPhoneSimulator
		{360AD7B5-DDF8-4F36-8ACC-04006D593EE4}.Release|Any CPU.ActiveCfg = Release|iPhone
		{360AD7B5-DDF8-4F36-8ACC-04006D593EE4}.Release|Any CPU.Build.0 = Release|iPhone
		{360AD7B5-DDF8-4F36-8ACC-04006D593EE4}.Release|iPhone.ActiveCfg = Release|iPhone
		{360AD7B5-DDF8-4F36-8ACC-04006D593EE4}.Release|iPhone.Build.0 = Release|iPhone
		{360AD7B5-DDF8-4F36-8ACC-04006D593EE4}.Release|iPhoneSimulator.ActiveCfg = Release|iPhoneSimulator
		{360AD7B5-DDF8-4F36-8ACC-04006D593EE4}.Release|iPhoneSimulator.Build.0 = Release|iPhoneSimulator
		{C83F9BED-DD26-44AE-BC33-2241263DDDB1}.Debug|Any CPU.ActiveCfg = Debug|Any CPU
		{C83F9BED-DD26-44AE-BC33-2241263DDDB1}.Debug|Any CPU.Build.0 = Debug|Any CPU
		{C83F9BED-DD26-44AE-BC33-2241263DDDB1}.Debug|iPhone.ActiveCfg = Debug|Any CPU
		{C83F9BED-DD26-44AE-BC33-2241263DDDB1}.Debug|iPhone.Build.0 = Debug|Any CPU
		{C83F9BED-DD26-44AE-BC33-2241263DDDB1}.Debug|iPhoneSimulator.ActiveCfg = Debug|Any CPU
		{C83F9BED-DD26-44AE-BC33-2241263DDDB1}.Debug|iPhoneSimulator.Build.0 = Debug|Any CPU
		{C83F9BED-DD26-44AE-BC33-2241263DDDB1}.Release|Any CPU.ActiveCfg = Release|Any CPU
		{C83F9BED-DD26-44AE-BC33-2241263DDDB1}.Release|Any CPU.Build.0 = Release|Any CPU
		{C83F9BED-DD26-44AE-BC33-2241263DDDB1}.Release|iPhone.ActiveCfg = Release|Any CPU
		{C83F9BED-DD26-44AE-BC33-2241263DDDB1}.Release|iPhone.Build.0 = Release|Any CPU
		{C83F9BED-DD26-44AE-BC33-2241263DDDB1}.Release|iPhoneSimulator.ActiveCfg = Release|Any CPU
		{C83F9BED-DD26-44AE-BC33-2241263DDDB1}.Release|iPhoneSimulator.Build.0 = Release|Any CPU
		{5EB8DF8E-6D09-4A91-8CF8-B17B1346A873}.Debug|Any CPU.ActiveCfg = Debug|Any CPU
		{5EB8DF8E-6D09-4A91-8CF8-B17B1346A873}.Debug|Any CPU.Build.0 = Debug|Any CPU
		{5EB8DF8E-6D09-4A91-8CF8-B17B1346A873}.Release|Any CPU.ActiveCfg = Release|Any CPU
		{5EB8DF8E-6D09-4A91-8CF8-B17B1346A873}.Release|Any CPU.Build.0 = Release|Any CPU
		{5EB8DF8E-6D09-4A91-8CF8-B17B1346A873}.Debug|iPhoneSimulator.ActiveCfg = Debug|Any CPU
		{5EB8DF8E-6D09-4A91-8CF8-B17B1346A873}.Debug|iPhoneSimulator.Build.0 = Debug|Any CPU
		{5EB8DF8E-6D09-4A91-8CF8-B17B1346A873}.Release|iPhone.ActiveCfg = Release|Any CPU
		{5EB8DF8E-6D09-4A91-8CF8-B17B1346A873}.Release|iPhone.Build.0 = Release|Any CPU
		{5EB8DF8E-6D09-4A91-8CF8-B17B1346A873}.Release|iPhoneSimulator.ActiveCfg = Release|Any CPU
		{5EB8DF8E-6D09-4A91-8CF8-B17B1346A873}.Release|iPhoneSimulator.Build.0 = Release|Any CPU
		{5EB8DF8E-6D09-4A91-8CF8-B17B1346A873}.Debug|iPhone.ActiveCfg = Debug|Any CPU
		{5EB8DF8E-6D09-4A91-8CF8-B17B1346A873}.Debug|iPhone.Build.0 = Debug|Any CPU
		{AABBF567-B2BF-4553-A574-117CD11E00E3}.Debug|Any CPU.ActiveCfg = Debug|Any CPU
		{AABBF567-B2BF-4553-A574-117CD11E00E3}.Debug|Any CPU.Build.0 = Debug|Any CPU
		{AABBF567-B2BF-4553-A574-117CD11E00E3}.Release|Any CPU.ActiveCfg = Release|Any CPU
		{AABBF567-B2BF-4553-A574-117CD11E00E3}.Release|Any CPU.Build.0 = Release|Any CPU
		{AABBF567-B2BF-4553-A574-117CD11E00E3}.Debug|iPhoneSimulator.ActiveCfg = Debug|Any CPU
		{AABBF567-B2BF-4553-A574-117CD11E00E3}.Debug|iPhoneSimulator.Build.0 = Debug|Any CPU
		{AABBF567-B2BF-4553-A574-117CD11E00E3}.Release|iPhone.ActiveCfg = Release|Any CPU
		{AABBF567-B2BF-4553-A574-117CD11E00E3}.Release|iPhone.Build.0 = Release|Any CPU
		{AABBF567-B2BF-4553-A574-117CD11E00E3}.Release|iPhoneSimulator.ActiveCfg = Release|Any CPU
		{AABBF567-B2BF-4553-A574-117CD11E00E3}.Release|iPhoneSimulator.Build.0 = Release|Any CPU
		{AABBF567-B2BF-4553-A574-117CD11E00E3}.Debug|iPhone.ActiveCfg = Debug|Any CPU
		{AABBF567-B2BF-4553-A574-117CD11E00E3}.Debug|iPhone.Build.0 = Debug|Any CPU
	EndGlobalSection
EndGlobal
