
Microsoft Visual Studio Solution File, Format Version 12.00
# Visual Studio 2012
Project("{FAE04EC0-301F-11D3-BF4B-00C04F79EFBC}") = "PushwooshSample", "PushwooshSample\PushwooshSample.csproj", "{FDA3F333-ABBA-43D4-A384-0C774638DDC6}"
EndProject
Project("{FAE04EC0-301F-11D3-BF4B-00C04F79EFBC}") = "PushwooshSample.iOS", "iOS\PushwooshSample.iOS.csproj", "{C4249A7B-81BF-4920-A35B-347768C3831B}"
EndProject
Project("{FAE04EC0-301F-11D3-BF4B-00C04F79EFBC}") = "PushwooshSample.Droid", "Droid\PushwooshSample.Droid.csproj", "{65AFF8D0-788B-4D7C-BE07-DCC352898542}"
EndProject
Project("{2150E333-8FDC-42A3-9474-1A3956D46DE8}") = "Geozones", "Geozones", "{9F175BEB-5B06-4289-A14C-ABE9F2B5D0FF}"
EndProject
Project("{2150E333-8FDC-42A3-9474-1A3956D46DE8}") = "iOS", "iOS", "{BE3F8026-83C4-4F3D-A524-6F4A29943ECA}"
EndProject
Project("{2150E333-8FDC-42A3-9474-1A3956D46DE8}") = "Android", "Android", "{59C48708-357A-4E0E-BE59-754F54CEC188}"
EndProject
Project("{2150E333-8FDC-42A3-9474-1A3956D46DE8}") = "Core", "Core", "{EEE0B87E-0E8C-4037-A784-9D13514A3443}"
EndProject
Project("{2150E333-8FDC-42A3-9474-1A3956D46DE8}") = "iOS", "iOS", "{CB278EF9-B2AA-4105-A7B3-0C1344B9E419}"
EndProject
Project("{2150E333-8FDC-42A3-9474-1A3956D46DE8}") = "Android", "Android", "{F996FD06-D850-4C8F-BB2E-13337D945D53}"
EndProject
Project("{FAE04EC0-301F-11D3-BF4B-00C04F79EFBC}") = "Pushwoosh.Droid.Bindings", "..\..\Core\Bindings\Android\Pushwoosh.Droid.Bindings.csproj", "{5EB8DF8E-6D09-4A91-8CF8-B17B1346A873}"
EndProject
Project("{FAE04EC0-301F-11D3-BF4B-00C04F79EFBC}") = "Pushwoosh.Droid", "..\..\Core\Library\Pushwoosh.Droid\Pushwoosh.Droid.csproj", "{A67FD681-66AB-46F0-B109-592F4F12F1B5}"
EndProject
Project("{FAE04EC0-301F-11D3-BF4B-00C04F79EFBC}") = "Pushwoosh", "..\..\Core\Library\Pushwoosh\Pushwoosh.csproj", "{F1FD9A32-CC99-4DF3-B78C-1ABFC3135870}"
EndProject
Project("{FAE04EC0-301F-11D3-BF4B-00C04F79EFBC}") = "Pushwoosh.Geozones.Droid.Bindings", "..\..\Geozones\Bindings\Android\Pushwoosh.Geozones.Droid.Bindings.csproj", "{5EB8DF8E-6D09-4A91-8CF8-B17B1346A874}"
EndProject
Project("{FAE04EC0-301F-11D3-BF4B-00C04F79EFBC}") = "Pushwoosh.Geozones.Droid", "..\..\Geozones\Library\Pushwoosh.Geozones.Droid\Pushwoosh.Geozones.Droid.csproj", "{A67FD681-66AB-46F0-B109-592F4F12F1B6}"
EndProject
Project("{FAE04EC0-301F-11D3-BF4B-00C04F79EFBC}") = "Pushwoosh.Geozones", "..\..\Geozones\Library\Pushwoosh.Geozones\Pushwoosh.Geozones.csproj", "{F1FD9A32-CC99-4DF3-B78C-1ABFC3135871}"
EndProject
Project("{FAE04EC0-301F-11D3-BF4B-00C04F79EFBC}") = "Pushwoosh.iOS.Bindings", "..\..\Core\Bindings\iOS\Pushwoosh.iOS.Bindings.csproj", "{AABBF567-B2BF-4553-A574-117CD11E00E3}"
EndProject
Project("{FAE04EC0-301F-11D3-BF4B-00C04F79EFBC}") = "Pushwoosh.iOS", "..\..\Core\Library\Pushwoosh.iOS\Pushwoosh.iOS.csproj", "{90F0D854-AF87-40F2-A1E5-3E3EF9CC430B}"
EndProject
Project("{FAE04EC0-301F-11D3-BF4B-00C04F79EFBC}") = "Pushwoosh.Geozones.iOS.Bindings", "..\..\Geozones\Bindings\iOS\Pushwoosh.Geozones.iOS.Bindings.csproj", "{AABBF567-B2BF-4553-A574-117CD11E00E4}"
EndProject
Project("{FAE04EC0-301F-11D3-BF4B-00C04F79EFBC}") = "Pushwoosh.Geozones.iOS", "..\..\Geozones\Library\Pushwoosh.Geozones.iOS\Pushwoosh.Geozones.iOS.csproj", "{90F0D854-AF87-40F2-A1E5-3E3EF9CC430C}"
EndProject
Project("{2150E333-8FDC-42A3-9474-1A3956D46DE8}") = "Inbox", "Inbox", "{B7B279A7-49AD-4958-8756-3B847FCC3449}"
EndProject
Project("{2150E333-8FDC-42A3-9474-1A3956D46DE8}") = "Android", "Android", "{04F13429-CE52-4AA3-8896-2FC63DE1BB4D}"
EndProject
Project("{FAE04EC0-301F-11D3-BF4B-00C04F79EFBC}") = "Pushwoosh.Inbox.Droid.Bindings", "..\..\Inbox\Bindings\Android\Pushwoosh.Inbox.Droid.Bindings.csproj", "{DDF3317D-8612-4AD5-A24D-194D6A7DE647}"
EndProject
Project("{2150E333-8FDC-42A3-9474-1A3956D46DE8}") = "iOS", "iOS", "{9D643AAC-48AC-4DB5-B081-C00B68752D20}"
EndProject
Project("{FAE04EC0-301F-11D3-BF4B-00C04F79EFBC}") = "Pushwoosh.Inbox.Droid", "..\..\Inbox\Library\Pushwoosh.Inbox.Droid\Pushwoosh.Inbox.Droid.csproj", "{56BCB759-0AE5-4443-9CD3-10823283FC1E}"
EndProject
Project("{FAE04EC0-301F-11D3-BF4B-00C04F79EFBC}") = "Pushwoosh.Inbox.iOS.Bindings", "..\..\Inbox\Bindings\iOS\Pushwoosh.Inbox.iOS.Bindings.csproj", "{9A7CFE2D-97EE-417C-B189-8477FF3DF251}"
EndProject
Project("{FAE04EC0-301F-11D3-BF4B-00C04F79EFBC}") = "Pushwoosh.Inbox", "..\..\Inbox\Library\Pushwoosh.Inbox\Pushwoosh.Inbox.csproj", "{F1FD9A32-CC99-4DF3-B78C-1ABFC3135872}"
EndProject
Project("{FAE04EC0-301F-11D3-BF4B-00C04F79EFBC}") = "Pushwoosh.Inbox.iOS", "..\..\Inbox\Library\Pushwoosh.Inbox.iOS\Pushwoosh.Inbox.iOS.csproj", "{90F0D854-AF87-40F2-A1E5-3E3EF9CC433C}"
EndProject
Global
	GlobalSection(SolutionConfigurationPlatforms) = preSolution
		Debug|Any CPU = Debug|Any CPU
		Release|Any CPU = Release|Any CPU
		Debug|iPhoneSimulator = Debug|iPhoneSimulator
		Release|iPhone = Release|iPhone
		Release|iPhoneSimulator = Release|iPhoneSimulator
		Debug|iPhone = Debug|iPhone
	EndGlobalSection
	GlobalSection(ProjectConfigurationPlatforms) = postSolution
		{FDA3F333-ABBA-43D4-A384-0C774638DDC6}.Debug|Any CPU.ActiveCfg = Debug|Any CPU
		{FDA3F333-ABBA-43D4-A384-0C774638DDC6}.Debug|Any CPU.Build.0 = Debug|Any CPU
		{FDA3F333-ABBA-43D4-A384-0C774638DDC6}.Release|Any CPU.ActiveCfg = Release|Any CPU
		{FDA3F333-ABBA-43D4-A384-0C774638DDC6}.Release|Any CPU.Build.0 = Release|Any CPU
		{FDA3F333-ABBA-43D4-A384-0C774638DDC6}.Debug|iPhoneSimulator.ActiveCfg = Debug|Any CPU
		{FDA3F333-ABBA-43D4-A384-0C774638DDC6}.Debug|iPhoneSimulator.Build.0 = Debug|Any CPU
		{FDA3F333-ABBA-43D4-A384-0C774638DDC6}.Release|iPhone.ActiveCfg = Release|Any CPU
		{FDA3F333-ABBA-43D4-A384-0C774638DDC6}.Release|iPhone.Build.0 = Release|Any CPU
		{FDA3F333-ABBA-43D4-A384-0C774638DDC6}.Release|iPhoneSimulator.ActiveCfg = Release|Any CPU
		{FDA3F333-ABBA-43D4-A384-0C774638DDC6}.Release|iPhoneSimulator.Build.0 = Release|Any CPU
		{FDA3F333-ABBA-43D4-A384-0C774638DDC6}.Debug|iPhone.ActiveCfg = Debug|Any CPU
		{FDA3F333-ABBA-43D4-A384-0C774638DDC6}.Debug|iPhone.Build.0 = Debug|Any CPU
		{C4249A7B-81BF-4920-A35B-347768C3831B}.Debug|Any CPU.ActiveCfg = Debug|iPhoneSimulator
		{C4249A7B-81BF-4920-A35B-347768C3831B}.Debug|Any CPU.Build.0 = Debug|iPhoneSimulator
		{C4249A7B-81BF-4920-A35B-347768C3831B}.Release|Any CPU.ActiveCfg = Release|iPhone
		{C4249A7B-81BF-4920-A35B-347768C3831B}.Release|Any CPU.Build.0 = Release|iPhone
		{C4249A7B-81BF-4920-A35B-347768C3831B}.Debug|iPhoneSimulator.ActiveCfg = Debug|iPhoneSimulator
		{C4249A7B-81BF-4920-A35B-347768C3831B}.Debug|iPhoneSimulator.Build.0 = Debug|iPhoneSimulator
		{C4249A7B-81BF-4920-A35B-347768C3831B}.Release|iPhone.ActiveCfg = Release|iPhone
		{C4249A7B-81BF-4920-A35B-347768C3831B}.Release|iPhone.Build.0 = Release|iPhone
		{C4249A7B-81BF-4920-A35B-347768C3831B}.Release|iPhoneSimulator.ActiveCfg = Release|iPhoneSimulator
		{C4249A7B-81BF-4920-A35B-347768C3831B}.Release|iPhoneSimulator.Build.0 = Release|iPhoneSimulator
		{C4249A7B-81BF-4920-A35B-347768C3831B}.Debug|iPhone.ActiveCfg = Debug|iPhone
		{C4249A7B-81BF-4920-A35B-347768C3831B}.Debug|iPhone.Build.0 = Debug|iPhone
		{65AFF8D0-788B-4D7C-BE07-DCC352898542}.Debug|Any CPU.ActiveCfg = Debug|Any CPU
		{65AFF8D0-788B-4D7C-BE07-DCC352898542}.Debug|Any CPU.Build.0 = Debug|Any CPU
		{65AFF8D0-788B-4D7C-BE07-DCC352898542}.Release|Any CPU.ActiveCfg = Release|Any CPU
		{65AFF8D0-788B-4D7C-BE07-DCC352898542}.Release|Any CPU.Build.0 = Release|Any CPU
		{65AFF8D0-788B-4D7C-BE07-DCC352898542}.Debug|iPhoneSimulator.ActiveCfg = Debug|Any CPU
		{65AFF8D0-788B-4D7C-BE07-DCC352898542}.Debug|iPhoneSimulator.Build.0 = Debug|Any CPU
		{65AFF8D0-788B-4D7C-BE07-DCC352898542}.Release|iPhone.ActiveCfg = Release|Any CPU
		{65AFF8D0-788B-4D7C-BE07-DCC352898542}.Release|iPhone.Build.0 = Release|Any CPU
		{65AFF8D0-788B-4D7C-BE07-DCC352898542}.Release|iPhoneSimulator.ActiveCfg = Release|Any CPU
		{65AFF8D0-788B-4D7C-BE07-DCC352898542}.Release|iPhoneSimulator.Build.0 = Release|Any CPU
		{65AFF8D0-788B-4D7C-BE07-DCC352898542}.Debug|iPhone.ActiveCfg = Debug|Any CPU
		{65AFF8D0-788B-4D7C-BE07-DCC352898542}.Debug|iPhone.Build.0 = Debug|Any CPU
		{5EB8DF8E-6D09-4A91-8CF8-B17B1346A873}.Debug|Any CPU.ActiveCfg = Debug|Any CPU
		{5EB8DF8E-6D09-4A91-8CF8-B17B1346A873}.Debug|Any CPU.Build.0 = Debug|Any CPU
		{5EB8DF8E-6D09-4A91-8CF8-B17B1346A873}.Release|Any CPU.ActiveCfg = Release|Any CPU
		{5EB8DF8E-6D09-4A91-8CF8-B17B1346A873}.Release|Any CPU.Build.0 = Release|Any CPU
		{5EB8DF8E-6D09-4A91-8CF8-B17B1346A873}.Debug|iPhoneSimulator.ActiveCfg = Debug|Any CPU
		{5EB8DF8E-6D09-4A91-8CF8-B17B1346A873}.Debug|iPhoneSimulator.Build.0 = Debug|Any CPU
		{5EB8DF8E-6D09-4A91-8CF8-B17B1346A873}.Release|iPhone.ActiveCfg = Release|Any CPU
		{5EB8DF8E-6D09-4A91-8CF8-B17B1346A873}.Release|iPhone.Build.0 = Release|Any CPU
		{5EB8DF8E-6D09-4A91-8CF8-B17B1346A873}.Release|iPhoneSimulator.ActiveCfg = Release|Any CPU
		{5EB8DF8E-6D09-4A91-8CF8-B17B1346A873}.Release|iPhoneSimulator.Build.0 = Release|Any CPU
		{5EB8DF8E-6D09-4A91-8CF8-B17B1346A873}.Debug|iPhone.ActiveCfg = Debug|Any CPU
		{5EB8DF8E-6D09-4A91-8CF8-B17B1346A873}.Debug|iPhone.Build.0 = Debug|Any CPU
		{A67FD681-66AB-46F0-B109-592F4F12F1B5}.Debug|Any CPU.ActiveCfg = Debug|Any CPU
		{A67FD681-66AB-46F0-B109-592F4F12F1B5}.Debug|Any CPU.Build.0 = Debug|Any CPU
		{A67FD681-66AB-46F0-B109-592F4F12F1B5}.Release|Any CPU.ActiveCfg = Release|Any CPU
		{A67FD681-66AB-46F0-B109-592F4F12F1B5}.Release|Any CPU.Build.0 = Release|Any CPU
		{A67FD681-66AB-46F0-B109-592F4F12F1B5}.Debug|iPhoneSimulator.ActiveCfg = Debug|Any CPU
		{A67FD681-66AB-46F0-B109-592F4F12F1B5}.Debug|iPhoneSimulator.Build.0 = Debug|Any CPU
		{A67FD681-66AB-46F0-B109-592F4F12F1B5}.Release|iPhone.ActiveCfg = Release|Any CPU
		{A67FD681-66AB-46F0-B109-592F4F12F1B5}.Release|iPhone.Build.0 = Release|Any CPU
		{A67FD681-66AB-46F0-B109-592F4F12F1B5}.Release|iPhoneSimulator.ActiveCfg = Release|Any CPU
		{A67FD681-66AB-46F0-B109-592F4F12F1B5}.Release|iPhoneSimulator.Build.0 = Release|Any CPU
		{A67FD681-66AB-46F0-B109-592F4F12F1B5}.Debug|iPhone.ActiveCfg = Debug|Any CPU
		{A67FD681-66AB-46F0-B109-592F4F12F1B5}.Debug|iPhone.Build.0 = Debug|Any CPU
		{F1FD9A32-CC99-4DF3-B78C-1ABFC3135870}.Debug|Any CPU.ActiveCfg = Debug|Any CPU
		{F1FD9A32-CC99-4DF3-B78C-1ABFC3135870}.Debug|Any CPU.Build.0 = Debug|Any CPU
		{F1FD9A32-CC99-4DF3-B78C-1ABFC3135870}.Release|Any CPU.ActiveCfg = Release|Any CPU
		{F1FD9A32-CC99-4DF3-B78C-1ABFC3135870}.Release|Any CPU.Build.0 = Release|Any CPU
		{F1FD9A32-CC99-4DF3-B78C-1ABFC3135870}.Debug|iPhoneSimulator.ActiveCfg = Debug|Any CPU
		{F1FD9A32-CC99-4DF3-B78C-1ABFC3135870}.Debug|iPhoneSimulator.Build.0 = Debug|Any CPU
		{F1FD9A32-CC99-4DF3-B78C-1ABFC3135870}.Release|iPhone.ActiveCfg = Release|Any CPU
		{F1FD9A32-CC99-4DF3-B78C-1ABFC3135870}.Release|iPhone.Build.0 = Release|Any CPU
		{F1FD9A32-CC99-4DF3-B78C-1ABFC3135870}.Release|iPhoneSimulator.ActiveCfg = Release|Any CPU
		{F1FD9A32-CC99-4DF3-B78C-1ABFC3135870}.Release|iPhoneSimulator.Build.0 = Release|Any CPU
		{F1FD9A32-CC99-4DF3-B78C-1ABFC3135870}.Debug|iPhone.ActiveCfg = Debug|Any CPU
		{F1FD9A32-CC99-4DF3-B78C-1ABFC3135870}.Debug|iPhone.Build.0 = Debug|Any CPU
		{5EB8DF8E-6D09-4A91-8CF8-B17B1346A874}.Debug|Any CPU.ActiveCfg = Debug|Any CPU
		{5EB8DF8E-6D09-4A91-8CF8-B17B1346A874}.Debug|Any CPU.Build.0 = Debug|Any CPU
		{5EB8DF8E-6D09-4A91-8CF8-B17B1346A874}.Release|Any CPU.ActiveCfg = Release|Any CPU
		{5EB8DF8E-6D09-4A91-8CF8-B17B1346A874}.Release|Any CPU.Build.0 = Release|Any CPU
		{5EB8DF8E-6D09-4A91-8CF8-B17B1346A874}.Debug|iPhoneSimulator.ActiveCfg = Debug|Any CPU
		{5EB8DF8E-6D09-4A91-8CF8-B17B1346A874}.Debug|iPhoneSimulator.Build.0 = Debug|Any CPU
		{5EB8DF8E-6D09-4A91-8CF8-B17B1346A874}.Release|iPhone.ActiveCfg = Release|Any CPU
		{5EB8DF8E-6D09-4A91-8CF8-B17B1346A874}.Release|iPhone.Build.0 = Release|Any CPU
		{5EB8DF8E-6D09-4A91-8CF8-B17B1346A874}.Release|iPhoneSimulator.ActiveCfg = Release|Any CPU
		{5EB8DF8E-6D09-4A91-8CF8-B17B1346A874}.Release|iPhoneSimulator.Build.0 = Release|Any CPU
		{5EB8DF8E-6D09-4A91-8CF8-B17B1346A874}.Debug|iPhone.ActiveCfg = Debug|Any CPU
		{5EB8DF8E-6D09-4A91-8CF8-B17B1346A874}.Debug|iPhone.Build.0 = Debug|Any CPU
		{A67FD681-66AB-46F0-B109-592F4F12F1B6}.Debug|Any CPU.ActiveCfg = Debug|Any CPU
		{A67FD681-66AB-46F0-B109-592F4F12F1B6}.Debug|Any CPU.Build.0 = Debug|Any CPU
		{A67FD681-66AB-46F0-B109-592F4F12F1B6}.Release|Any CPU.ActiveCfg = Release|Any CPU
		{A67FD681-66AB-46F0-B109-592F4F12F1B6}.Release|Any CPU.Build.0 = Release|Any CPU
		{A67FD681-66AB-46F0-B109-592F4F12F1B6}.Debug|iPhoneSimulator.ActiveCfg = Debug|Any CPU
		{A67FD681-66AB-46F0-B109-592F4F12F1B6}.Debug|iPhoneSimulator.Build.0 = Debug|Any CPU
		{A67FD681-66AB-46F0-B109-592F4F12F1B6}.Release|iPhone.ActiveCfg = Release|Any CPU
		{A67FD681-66AB-46F0-B109-592F4F12F1B6}.Release|iPhone.Build.0 = Release|Any CPU
		{A67FD681-66AB-46F0-B109-592F4F12F1B6}.Release|iPhoneSimulator.ActiveCfg = Release|Any CPU
		{A67FD681-66AB-46F0-B109-592F4F12F1B6}.Release|iPhoneSimulator.Build.0 = Release|Any CPU
		{A67FD681-66AB-46F0-B109-592F4F12F1B6}.Debug|iPhone.ActiveCfg = Debug|Any CPU
		{A67FD681-66AB-46F0-B109-592F4F12F1B6}.Debug|iPhone.Build.0 = Debug|Any CPU
		{F1FD9A32-CC99-4DF3-B78C-1ABFC3135871}.Debug|Any CPU.ActiveCfg = Debug|Any CPU
		{F1FD9A32-CC99-4DF3-B78C-1ABFC3135871}.Debug|Any CPU.Build.0 = Debug|Any CPU
		{F1FD9A32-CC99-4DF3-B78C-1ABFC3135871}.Release|Any CPU.ActiveCfg = Release|Any CPU
		{F1FD9A32-CC99-4DF3-B78C-1ABFC3135871}.Release|Any CPU.Build.0 = Release|Any CPU
		{F1FD9A32-CC99-4DF3-B78C-1ABFC3135871}.Debug|iPhoneSimulator.ActiveCfg = Debug|Any CPU
		{F1FD9A32-CC99-4DF3-B78C-1ABFC3135871}.Debug|iPhoneSimulator.Build.0 = Debug|Any CPU
		{F1FD9A32-CC99-4DF3-B78C-1ABFC3135871}.Release|iPhone.ActiveCfg = Release|Any CPU
		{F1FD9A32-CC99-4DF3-B78C-1ABFC3135871}.Release|iPhone.Build.0 = Release|Any CPU
		{F1FD9A32-CC99-4DF3-B78C-1ABFC3135871}.Release|iPhoneSimulator.ActiveCfg = Release|Any CPU
		{F1FD9A32-CC99-4DF3-B78C-1ABFC3135871}.Release|iPhoneSimulator.Build.0 = Release|Any CPU
		{F1FD9A32-CC99-4DF3-B78C-1ABFC3135871}.Debug|iPhone.ActiveCfg = Debug|Any CPU
		{F1FD9A32-CC99-4DF3-B78C-1ABFC3135871}.Debug|iPhone.Build.0 = Debug|Any CPU
		{AABBF567-B2BF-4553-A574-117CD11E00E3}.Debug|Any CPU.ActiveCfg = Debug|Any CPU
		{AABBF567-B2BF-4553-A574-117CD11E00E3}.Debug|Any CPU.Build.0 = Debug|Any CPU
		{AABBF567-B2BF-4553-A574-117CD11E00E3}.Release|Any CPU.ActiveCfg = Release|Any CPU
		{AABBF567-B2BF-4553-A574-117CD11E00E3}.Release|Any CPU.Build.0 = Release|Any CPU
		{AABBF567-B2BF-4553-A574-117CD11E00E3}.Debug|iPhoneSimulator.ActiveCfg = Debug|Any CPU
		{AABBF567-B2BF-4553-A574-117CD11E00E3}.Debug|iPhoneSimulator.Build.0 = Debug|Any CPU
		{AABBF567-B2BF-4553-A574-117CD11E00E3}.Release|iPhone.ActiveCfg = Release|Any CPU
		{AABBF567-B2BF-4553-A574-117CD11E00E3}.Release|iPhone.Build.0 = Release|Any CPU
		{AABBF567-B2BF-4553-A574-117CD11E00E3}.Release|iPhoneSimulator.ActiveCfg = Release|Any CPU
		{AABBF567-B2BF-4553-A574-117CD11E00E3}.Release|iPhoneSimulator.Build.0 = Release|Any CPU
		{AABBF567-B2BF-4553-A574-117CD11E00E3}.Debug|iPhone.ActiveCfg = Debug|Any CPU
		{AABBF567-B2BF-4553-A574-117CD11E00E3}.Debug|iPhone.Build.0 = Debug|Any CPU
		{90F0D854-AF87-40F2-A1E5-3E3EF9CC430B}.Debug|Any CPU.ActiveCfg = Debug|Any CPU
		{90F0D854-AF87-40F2-A1E5-3E3EF9CC430B}.Debug|Any CPU.Build.0 = Debug|Any CPU
		{90F0D854-AF87-40F2-A1E5-3E3EF9CC430B}.Release|Any CPU.ActiveCfg = Release|Any CPU
		{90F0D854-AF87-40F2-A1E5-3E3EF9CC430B}.Release|Any CPU.Build.0 = Release|Any CPU
		{90F0D854-AF87-40F2-A1E5-3E3EF9CC430B}.Debug|iPhoneSimulator.ActiveCfg = Debug|Any CPU
		{90F0D854-AF87-40F2-A1E5-3E3EF9CC430B}.Debug|iPhoneSimulator.Build.0 = Debug|Any CPU
		{90F0D854-AF87-40F2-A1E5-3E3EF9CC430B}.Release|iPhone.ActiveCfg = Release|Any CPU
		{90F0D854-AF87-40F2-A1E5-3E3EF9CC430B}.Release|iPhone.Build.0 = Release|Any CPU
		{90F0D854-AF87-40F2-A1E5-3E3EF9CC430B}.Release|iPhoneSimulator.ActiveCfg = Release|Any CPU
		{90F0D854-AF87-40F2-A1E5-3E3EF9CC430B}.Release|iPhoneSimulator.Build.0 = Release|Any CPU
		{90F0D854-AF87-40F2-A1E5-3E3EF9CC430B}.Debug|iPhone.ActiveCfg = Debug|Any CPU
		{90F0D854-AF87-40F2-A1E5-3E3EF9CC430B}.Debug|iPhone.Build.0 = Debug|Any CPU
		{AABBF567-B2BF-4553-A574-117CD11E00E4}.Debug|Any CPU.ActiveCfg = Debug|Any CPU
		{AABBF567-B2BF-4553-A574-117CD11E00E4}.Debug|Any CPU.Build.0 = Debug|Any CPU
		{AABBF567-B2BF-4553-A574-117CD11E00E4}.Release|Any CPU.ActiveCfg = Release|Any CPU
		{AABBF567-B2BF-4553-A574-117CD11E00E4}.Release|Any CPU.Build.0 = Release|Any CPU
		{AABBF567-B2BF-4553-A574-117CD11E00E4}.Debug|iPhoneSimulator.ActiveCfg = Debug|Any CPU
		{AABBF567-B2BF-4553-A574-117CD11E00E4}.Debug|iPhoneSimulator.Build.0 = Debug|Any CPU
		{AABBF567-B2BF-4553-A574-117CD11E00E4}.Release|iPhone.ActiveCfg = Release|Any CPU
		{AABBF567-B2BF-4553-A574-117CD11E00E4}.Release|iPhone.Build.0 = Release|Any CPU
		{AABBF567-B2BF-4553-A574-117CD11E00E4}.Release|iPhoneSimulator.ActiveCfg = Release|Any CPU
		{AABBF567-B2BF-4553-A574-117CD11E00E4}.Release|iPhoneSimulator.Build.0 = Release|Any CPU
		{AABBF567-B2BF-4553-A574-117CD11E00E4}.Debug|iPhone.ActiveCfg = Debug|Any CPU
		{AABBF567-B2BF-4553-A574-117CD11E00E4}.Debug|iPhone.Build.0 = Debug|Any CPU
		{90F0D854-AF87-40F2-A1E5-3E3EF9CC430C}.Debug|Any CPU.ActiveCfg = Debug|Any CPU
		{90F0D854-AF87-40F2-A1E5-3E3EF9CC430C}.Debug|Any CPU.Build.0 = Debug|Any CPU
		{90F0D854-AF87-40F2-A1E5-3E3EF9CC430C}.Release|Any CPU.ActiveCfg = Release|Any CPU
		{90F0D854-AF87-40F2-A1E5-3E3EF9CC430C}.Release|Any CPU.Build.0 = Release|Any CPU
		{90F0D854-AF87-40F2-A1E5-3E3EF9CC430C}.Debug|iPhoneSimulator.ActiveCfg = Debug|Any CPU
		{90F0D854-AF87-40F2-A1E5-3E3EF9CC430C}.Debug|iPhoneSimulator.Build.0 = Debug|Any CPU
		{90F0D854-AF87-40F2-A1E5-3E3EF9CC430C}.Release|iPhone.ActiveCfg = Release|Any CPU
		{90F0D854-AF87-40F2-A1E5-3E3EF9CC430C}.Release|iPhone.Build.0 = Release|Any CPU
		{90F0D854-AF87-40F2-A1E5-3E3EF9CC430C}.Release|iPhoneSimulator.ActiveCfg = Release|Any CPU
		{90F0D854-AF87-40F2-A1E5-3E3EF9CC430C}.Release|iPhoneSimulator.Build.0 = Release|Any CPU
		{90F0D854-AF87-40F2-A1E5-3E3EF9CC430C}.Debug|iPhone.ActiveCfg = Debug|Any CPU
		{90F0D854-AF87-40F2-A1E5-3E3EF9CC430C}.Debug|iPhone.Build.0 = Debug|Any CPU
		{DDF3317D-8612-4AD5-A24D-194D6A7DE647}.Debug|Any CPU.ActiveCfg = Debug|Any CPU
		{DDF3317D-8612-4AD5-A24D-194D6A7DE647}.Debug|Any CPU.Build.0 = Debug|Any CPU
		{DDF3317D-8612-4AD5-A24D-194D6A7DE647}.Release|Any CPU.ActiveCfg = Release|Any CPU
		{DDF3317D-8612-4AD5-A24D-194D6A7DE647}.Release|Any CPU.Build.0 = Release|Any CPU
		{DDF3317D-8612-4AD5-A24D-194D6A7DE647}.Debug|iPhoneSimulator.ActiveCfg = Debug|Any CPU
		{DDF3317D-8612-4AD5-A24D-194D6A7DE647}.Debug|iPhoneSimulator.Build.0 = Debug|Any CPU
		{DDF3317D-8612-4AD5-A24D-194D6A7DE647}.Release|iPhone.ActiveCfg = Release|Any CPU
		{DDF3317D-8612-4AD5-A24D-194D6A7DE647}.Release|iPhone.Build.0 = Release|Any CPU
		{DDF3317D-8612-4AD5-A24D-194D6A7DE647}.Release|iPhoneSimulator.ActiveCfg = Release|Any CPU
		{DDF3317D-8612-4AD5-A24D-194D6A7DE647}.Release|iPhoneSimulator.Build.0 = Release|Any CPU
		{DDF3317D-8612-4AD5-A24D-194D6A7DE647}.Debug|iPhone.ActiveCfg = Debug|Any CPU
		{DDF3317D-8612-4AD5-A24D-194D6A7DE647}.Debug|iPhone.Build.0 = Debug|Any CPU
		{56BCB759-0AE5-4443-9CD3-10823283FC1E}.Debug|Any CPU.ActiveCfg = Debug|Any CPU
		{56BCB759-0AE5-4443-9CD3-10823283FC1E}.Debug|Any CPU.Build.0 = Debug|Any CPU
		{56BCB759-0AE5-4443-9CD3-10823283FC1E}.Release|Any CPU.ActiveCfg = Release|Any CPU
		{56BCB759-0AE5-4443-9CD3-10823283FC1E}.Release|Any CPU.Build.0 = Release|Any CPU
		{56BCB759-0AE5-4443-9CD3-10823283FC1E}.Debug|iPhoneSimulator.ActiveCfg = Debug|Any CPU
		{56BCB759-0AE5-4443-9CD3-10823283FC1E}.Debug|iPhoneSimulator.Build.0 = Debug|Any CPU
		{56BCB759-0AE5-4443-9CD3-10823283FC1E}.Release|iPhone.ActiveCfg = Release|Any CPU
		{56BCB759-0AE5-4443-9CD3-10823283FC1E}.Release|iPhone.Build.0 = Release|Any CPU
		{56BCB759-0AE5-4443-9CD3-10823283FC1E}.Release|iPhoneSimulator.ActiveCfg = Release|Any CPU
		{56BCB759-0AE5-4443-9CD3-10823283FC1E}.Release|iPhoneSimulator.Build.0 = Release|Any CPU
		{56BCB759-0AE5-4443-9CD3-10823283FC1E}.Debug|iPhone.ActiveCfg = Debug|Any CPU
		{56BCB759-0AE5-4443-9CD3-10823283FC1E}.Debug|iPhone.Build.0 = Debug|Any CPU
		{9A7CFE2D-97EE-417C-B189-8477FF3DF251}.Debug|Any CPU.ActiveCfg = Debug|Any CPU
		{9A7CFE2D-97EE-417C-B189-8477FF3DF251}.Debug|Any CPU.Build.0 = Debug|Any CPU
		{9A7CFE2D-97EE-417C-B189-8477FF3DF251}.Release|Any CPU.ActiveCfg = Release|Any CPU
		{9A7CFE2D-97EE-417C-B189-8477FF3DF251}.Release|Any CPU.Build.0 = Release|Any CPU
		{9A7CFE2D-97EE-417C-B189-8477FF3DF251}.Debug|iPhoneSimulator.ActiveCfg = Debug|Any CPU
		{9A7CFE2D-97EE-417C-B189-8477FF3DF251}.Debug|iPhoneSimulator.Build.0 = Debug|Any CPU
		{9A7CFE2D-97EE-417C-B189-8477FF3DF251}.Release|iPhone.ActiveCfg = Release|Any CPU
		{9A7CFE2D-97EE-417C-B189-8477FF3DF251}.Release|iPhone.Build.0 = Release|Any CPU
		{9A7CFE2D-97EE-417C-B189-8477FF3DF251}.Release|iPhoneSimulator.ActiveCfg = Release|Any CPU
		{9A7CFE2D-97EE-417C-B189-8477FF3DF251}.Release|iPhoneSimulator.Build.0 = Release|Any CPU
		{9A7CFE2D-97EE-417C-B189-8477FF3DF251}.Debug|iPhone.ActiveCfg = Debug|Any CPU
		{9A7CFE2D-97EE-417C-B189-8477FF3DF251}.Debug|iPhone.Build.0 = Debug|Any CPU
		{F1FD9A32-CC99-4DF3-B78C-1ABFC3135872}.Debug|Any CPU.ActiveCfg = Debug|Any CPU
		{F1FD9A32-CC99-4DF3-B78C-1ABFC3135872}.Debug|Any CPU.Build.0 = Debug|Any CPU
		{F1FD9A32-CC99-4DF3-B78C-1ABFC3135872}.Release|Any CPU.ActiveCfg = Release|Any CPU
		{F1FD9A32-CC99-4DF3-B78C-1ABFC3135872}.Release|Any CPU.Build.0 = Release|Any CPU
		{F1FD9A32-CC99-4DF3-B78C-1ABFC3135872}.Debug|iPhoneSimulator.ActiveCfg = Debug|Any CPU
		{F1FD9A32-CC99-4DF3-B78C-1ABFC3135872}.Debug|iPhoneSimulator.Build.0 = Debug|Any CPU
		{F1FD9A32-CC99-4DF3-B78C-1ABFC3135872}.Release|iPhone.ActiveCfg = Release|Any CPU
		{F1FD9A32-CC99-4DF3-B78C-1ABFC3135872}.Release|iPhone.Build.0 = Release|Any CPU
		{F1FD9A32-CC99-4DF3-B78C-1ABFC3135872}.Release|iPhoneSimulator.ActiveCfg = Release|Any CPU
		{F1FD9A32-CC99-4DF3-B78C-1ABFC3135872}.Release|iPhoneSimulator.Build.0 = Release|Any CPU
		{F1FD9A32-CC99-4DF3-B78C-1ABFC3135872}.Debug|iPhone.ActiveCfg = Debug|Any CPU
		{F1FD9A32-CC99-4DF3-B78C-1ABFC3135872}.Debug|iPhone.Build.0 = Debug|Any CPU
		{90F0D854-AF87-40F2-A1E5-3E3EF9CC433C}.Debug|Any CPU.ActiveCfg = Debug|Any CPU
		{90F0D854-AF87-40F2-A1E5-3E3EF9CC433C}.Debug|Any CPU.Build.0 = Debug|Any CPU
		{90F0D854-AF87-40F2-A1E5-3E3EF9CC433C}.Release|Any CPU.ActiveCfg = Release|Any CPU
		{90F0D854-AF87-40F2-A1E5-3E3EF9CC433C}.Release|Any CPU.Build.0 = Release|Any CPU
		{90F0D854-AF87-40F2-A1E5-3E3EF9CC433C}.Debug|iPhoneSimulator.ActiveCfg = Debug|Any CPU
		{90F0D854-AF87-40F2-A1E5-3E3EF9CC433C}.Debug|iPhoneSimulator.Build.0 = Debug|Any CPU
		{90F0D854-AF87-40F2-A1E5-3E3EF9CC433C}.Release|iPhone.ActiveCfg = Release|Any CPU
		{90F0D854-AF87-40F2-A1E5-3E3EF9CC433C}.Release|iPhone.Build.0 = Release|Any CPU
		{90F0D854-AF87-40F2-A1E5-3E3EF9CC433C}.Release|iPhoneSimulator.ActiveCfg = Release|Any CPU
		{90F0D854-AF87-40F2-A1E5-3E3EF9CC433C}.Release|iPhoneSimulator.Build.0 = Release|Any CPU
		{90F0D854-AF87-40F2-A1E5-3E3EF9CC433C}.Debug|iPhone.ActiveCfg = Debug|Any CPU
		{90F0D854-AF87-40F2-A1E5-3E3EF9CC433C}.Debug|iPhone.Build.0 = Debug|Any CPU
	EndGlobalSection
	GlobalSection(NestedProjects) = preSolution
		{BE3F8026-83C4-4F3D-A524-6F4A29943ECA} = {9F175BEB-5B06-4289-A14C-ABE9F2B5D0FF}
		{59C48708-357A-4E0E-BE59-754F54CEC188} = {9F175BEB-5B06-4289-A14C-ABE9F2B5D0FF}
		{CB278EF9-B2AA-4105-A7B3-0C1344B9E419} = {EEE0B87E-0E8C-4037-A784-9D13514A3443}
		{F996FD06-D850-4C8F-BB2E-13337D945D53} = {EEE0B87E-0E8C-4037-A784-9D13514A3443}
		{5EB8DF8E-6D09-4A91-8CF8-B17B1346A873} = {F996FD06-D850-4C8F-BB2E-13337D945D53}
		{A67FD681-66AB-46F0-B109-592F4F12F1B5} = {F996FD06-D850-4C8F-BB2E-13337D945D53}
		{F1FD9A32-CC99-4DF3-B78C-1ABFC3135870} = {EEE0B87E-0E8C-4037-A784-9D13514A3443}
		{5EB8DF8E-6D09-4A91-8CF8-B17B1346A874} = {59C48708-357A-4E0E-BE59-754F54CEC188}
		{A67FD681-66AB-46F0-B109-592F4F12F1B6} = {59C48708-357A-4E0E-BE59-754F54CEC188}
		{F1FD9A32-CC99-4DF3-B78C-1ABFC3135871} = {9F175BEB-5B06-4289-A14C-ABE9F2B5D0FF}
		{AABBF567-B2BF-4553-A574-117CD11E00E3} = {CB278EF9-B2AA-4105-A7B3-0C1344B9E419}
		{90F0D854-AF87-40F2-A1E5-3E3EF9CC430B} = {CB278EF9-B2AA-4105-A7B3-0C1344B9E419}
		{AABBF567-B2BF-4553-A574-117CD11E00E4} = {BE3F8026-83C4-4F3D-A524-6F4A29943ECA}
		{90F0D854-AF87-40F2-A1E5-3E3EF9CC430C} = {BE3F8026-83C4-4F3D-A524-6F4A29943ECA}
		{04F13429-CE52-4AA3-8896-2FC63DE1BB4D} = {B7B279A7-49AD-4958-8756-3B847FCC3449}
		{DDF3317D-8612-4AD5-A24D-194D6A7DE647} = {04F13429-CE52-4AA3-8896-2FC63DE1BB4D}
		{9D643AAC-48AC-4DB5-B081-C00B68752D20} = {B7B279A7-49AD-4958-8756-3B847FCC3449}
		{56BCB759-0AE5-4443-9CD3-10823283FC1E} = {04F13429-CE52-4AA3-8896-2FC63DE1BB4D}
		{9A7CFE2D-97EE-417C-B189-8477FF3DF251} = {9D643AAC-48AC-4DB5-B081-C00B68752D20}
		{F1FD9A32-CC99-4DF3-B78C-1ABFC3135872} = {B7B279A7-49AD-4958-8756-3B847FCC3449}
		{90F0D854-AF87-40F2-A1E5-3E3EF9CC433C} = {9D643AAC-48AC-4DB5-B081-C00B68752D20}
	EndGlobalSection
EndGlobal
