
Microsoft Visual Studio Solution File, Format Version 12.00
# Visual Studio 15
Project("{FAE04EC0-301F-11D3-BF4B-00C04F79EFBC}") = "Pushwoosh.Geozones.Droid.Bindings", "Pushwoosh.Geozones.Droid.Bindings.csproj", "{5EB8DF8E-6D09-4A91-8CF8-B17B1346A874}"
EndProject
Global
	GlobalSection(SolutionConfigurationPlatforms) = preSolution
		Debug|Any CPU = Debug|Any CPU
		Release|Any CPU = Release|Any CPU
	EndGlobalSection
	GlobalSection(ProjectConfigurationPlatforms) = postSolution
		{5EB8DF8E-6D09-4A91-8CF8-B17B1346A874}.Debug|Any CPU.ActiveCfg = Debug|Any CPU
		{5EB8DF8E-6D09-4A91-8CF8-B17B1346A874}.Debug|Any CPU.Build.0 = Debug|Any CPU
		{5EB8DF8E-6D09-4A91-8CF8-B17B1346A874}.Release|Any CPU.ActiveCfg = Release|Any CPU
		{5EB8DF8E-6D09-4A91-8CF8-B17B1346A874}.Release|Any CPU.Build.0 = Release|Any CPU
	EndGlobalSection
EndGlobal
